<?xml version="1.0" encoding="utf-8"?>
<Project ToolsVersion="4.0" xmlns="http://schemas.microsoft.com/developer/msbuild/2003">
  <ItemGroup>
    <Filter Include="Source Files">
      <UniqueIdentifier>{4FC737F1-C7A5-4376-A066-2A32D752A2FF}</UniqueIdentifier>
      <Extensions>cpp;c;cc;cxx;def;odl;idl;hpj;bat;asm;asmx</Extensions>
    </Filter>
    <Filter Include="Header Files">
      <UniqueIdentifier>{93995380-89BD-4b04-88EB-625FBE52EBFB}</UniqueIdentifier>
      <Extensions>h;hh;hpp;hxx;hm;inl;inc;xsd</Extensions>
    </Filter>
    <Filter Include="Resource Files">
      <UniqueIdentifier>{D9D6E242-F8AF-46E4-B9FD-80ECBC20BA3E}</UniqueIdentifier>
      <Extensions>qrc;*</Extensions>
      <ParseFiles>false</ParseFiles>
    </Filter>
    <Filter Include="Form Files">
      <UniqueIdentifier>{99349809-55BA-4b9d-BF79-8FDBB0286EB3}</UniqueIdentifier>
      <Extensions>ui</Extensions>
    </Filter>
    <Filter Include="Resource Files">
      <UniqueIdentifier>{D9D6E242-F8AF-46E4-B9FD-80ECBC20BA3E}</UniqueIdentifier>
      <Extensions>qrc;*</Extensions>
      <ParseFiles>false</ParseFiles>
    </Filter>
    <Filter Include="Generated Files">
      <UniqueIdentifier>{71ED8ED8-ACB9-4CE9-BBE1-E00B30144E11}</UniqueIdentifier>
      <Extensions>moc;h;cpp</Extensions>
      <SourceControlFiles>False</SourceControlFiles>
    </Filter>
    <Filter Include="Generated Files\Debug">
      <UniqueIdentifier>{4833d810-f6fb-4d20-b14a-b14bbdccaa64}</UniqueIdentifier>
      <Extensions>cpp;moc</Extensions>
      <SourceControlFiles>False</SourceControlFiles>
    </Filter>
    <Filter Include="Generated Files\Release">
      <UniqueIdentifier>{2249afa5-0f17-49de-b480-e3a33020cdf1}</UniqueIdentifier>
      <Extensions>cpp;moc</Extensions>
      <SourceControlFiles>False</SourceControlFiles>
    </Filter>
  </ItemGroup>
  <ItemGroup>
    <ClCompile Include="main.cpp">
      <Filter>Source Files</Filter>
    </ClCompile>
    <ClCompile Include="TetrisMainWindow.cpp">
      <Filter>Source Files</Filter>
    </ClCompile>
    <ClCompile Include="GeneratedFiles\Debug\moc_TetrisMainWindow.cpp">
      <Filter>Generated Files\Debug</Filter>
    </ClCompile>
    <ClCompile Include="GeneratedFiles\Release\moc_TetrisMainWindow.cpp">
      <Filter>Generated Files\Release</Filter>
    </ClCompile>
    <ClCompile Include="GeneratedFiles\qrc_TetrisMainWindow.cpp">
      <Filter>Generated Files</Filter>
    </ClCompile>
    <ClCompile Include="BrickL.cpp">
      <Filter>Source Files</Filter>
    </ClCompile>
    <ClCompile Include="BrickZ.cpp">
      <Filter>Source Files</Filter>
    </ClCompile>
    <ClCompile Include="BrickT.cpp">
      <Filter>Source Files</Filter>
    </ClCompile>
    <ClCompile Include="BrickInvL.cpp">
      <Filter>Source Files</Filter>
    </ClCompile>
    <ClCompile Include="BrickInvZ.cpp">
      <Filter>Source Files</Filter>
    </ClCompile>
    <ClCompile Include="BirckSquare.cpp">
      <Filter>Source Files</Filter>
    </ClCompile>
    <ClCompile Include="BrickLine.cpp">
      <Filter>Source Files</Filter>
    </ClCompile>
    <ClCompile Include="Brick.cpp">
      <Filter>Source Files</Filter>
    </ClCompile>
    <ClCompile Include="BrickUtils.cpp">
      <Filter>Source Files</Filter>
    </ClCompile>
    <ClCompile Include="TetrisManager.cpp">
      <Filter>Source Files</Filter>
    </ClCompile>
    <ClCompile Include="TetrisEngine.cpp">
      <Filter>Source Files</Filter>
    </ClCompile>
    <ClCompile Include="Box.cpp">
      <Filter>Source Files</Filter>
    </ClCompile>
    <ClCompile Include="BoxGroup.cpp">
      <Filter>Source Files</Filter>
    </ClCompile>
    <ClCompile Include="GeneratedFiles\Debug\moc_TetrisManager.cpp">
      <Filter>Generated Files\Debug</Filter>
    </ClCompile>
    <ClCompile Include="GeneratedFiles\Release\moc_TetrisManager.cpp">
      <Filter>Generated Files\Release</Filter>
    </ClCompile>
    <ClCompile Include="Matrix2d.cpp">
      <Filter>Source Files</Filter>
    </ClCompile>
  </ItemGroup>
  <ItemGroup>
    <CustomBuild Include="TetrisMainWindow.h">
      <Filter>Header Files</Filter>
    </CustomBuild>
    <CustomBuild Include="TetrisMainWindow.ui">
      <Filter>Form Files</Filter>
    </CustomBuild>
    <CustomBuild Include="TetrisMainWindow.qrc">
      <Filter>Resource Files</Filter>
    </CustomBuild>
    <CustomBuild Include="TetrisManager.h">
      <Filter>Header Files</Filter>
    </CustomBuild>
  </ItemGroup>
  <ItemGroup>
    <ClInclude Include="GeneratedFiles\ui_TetrisMainWindow.h">
      <Filter>Generated Files</Filter>
    </ClInclude>
    <ClInclude Include="Brick.h">
      <Filter>Header Files</Filter>
    </ClInclude>
    <ClInclude Include="BrickL.h">
      <Filter>Header Files</Filter>
    </ClInclude>
    <ClInclude Include="BrickZ.h">
      <Filter>Header Files</Filter>
    </ClInclude>
    <ClInclude Include="BrickT.h">
      <Filter>Header Files</Filter>
    </ClInclude>
    <ClInclude Include="BrickInvL.h">
      <Filter>Header Files</Filter>
    </ClInclude>
    <ClInclude Include="BrickInvZ.h">
      <Filter>Header Files</Filter>
    </ClInclude>
    <ClInclude Include="BirckSquare.h">
      <Filter>Header Files</Filter>
    </ClInclude>
    <ClInclude Include="BrickLine.h">
      <Filter>Header Files</Filter>
    </ClInclude>
    <ClInclude Include="BrickUtils.h">
      <Filter>Header Files</Filter>
    </ClInclude>
    <ClInclude Include="MacroDefines.h">
      <Filter>Header Files</Filter>
    </ClInclude>
    <ClInclude Include="TetrisEngine.h">
      <Filter>Header Files</Filter>
    </ClInclude>
    <ClInclude Include="Box.h">
      <Filter>Header Files</Filter>
    </ClInclude>
    <ClInclude Include="BoxGroup.h">
      <Filter>Header Files</Filter>
    </ClInclude>
    <ClInclude Include="Matrix2d.h">
      <Filter>Header Files</Filter>
    </ClInclude>
  </ItemGroup>
</Project>